
Microsoft Visual Studio Solution File, Format Version 12.00
# Visual Studio 15
VisualStudioVersion = 15.0.27703.2042
MinimumVisualStudioVersion = 10.0.40219.1
Project("{FAE04EC0-301F-11D3-BF4B-00C04F79EFBC}") = "pay_back_time", "pay_back_time\pay_back_time.csproj", "{1991F80E-344C-48D5-BFA9-01F542D2E001}"
EndProject
Global
	GlobalSection(SolutionConfigurationPlatforms) = preSolution
		Debug|Any CPU = Debug|Any CPU
		Release|Any CPU = Release|Any CPU
	EndGlobalSection
	GlobalSection(ProjectConfigurationPlatforms) = postSolution
		{1991F80E-344C-48D5-BFA9-01F542D2E001}.Debug|Any CPU.ActiveCfg = Debug|Any CPU
		{1991F80E-344C-48D5-BFA9-01F542D2E001}.Debug|Any CPU.Build.0 = Debug|Any CPU
		{1991F80E-344C-48D5-BFA9-01F542D2E001}.Release|Any CPU.ActiveCfg = Release|Any CPU
		{1991F80E-344C-48D5-BFA9-01F542D2E001}.Release|Any CPU.Build.0 = Release|Any CPU
	EndGlobalSection
	GlobalSection(SolutionProperties) = preSolution
		HideSolutionNode = FALSE
	EndGlobalSection
	GlobalSection(ExtensibilityGlobals) = postSolution
		SolutionGuid = {59F1B532-04FC-416D-A8FF-C8C8CBE273D2}
	EndGlobalSection
EndGlobal
